// !$*UTF8*$!
{
	archiveVersion = 1;
	classes = {
	};
	objectVersion = 46;
	objects = {

/* Begin PBXBuildFile section */
		552B90E21A5B7D910065BC13 /* Application.xib in Resources */ = {isa = PBXBuildFile; fileRef = 552B90E01A5B7D910065BC13 /* Application.xib */; };
		552B90E71A5B92340065BC13 /* CGRect-GxCore.swift in Sources */ = {isa = PBXBuildFile; fileRef = 552B90E61A5B92340065BC13 /* CGRect-GxCore.swift */; };
		552B90EB1A5BC1310065BC13 /* ColorPickerViewController.swift in Sources */ = {isa = PBXBuildFile; fileRef = 552B90E91A5BC1310065BC13 /* ColorPickerViewController.swift */; };
		552B90EC1A5BC1310065BC13 /* ColorPickerViewController.xib in Resources */ = {isa = PBXBuildFile; fileRef = 552B90EA1A5BC1310065BC13 /* ColorPickerViewController.xib */; };
		5568C7671A5B64B700F8CB2B /* AppDelegate.swift in Sources */ = {isa = PBXBuildFile; fileRef = 5568C7661A5B64B700F8CB2B /* AppDelegate.swift */; };
		5568C76E1A5B64B700F8CB2B /* Images.xcassets in Resources */ = {isa = PBXBuildFile; fileRef = 5568C76D1A5B64B700F8CB2B /* Images.xcassets */; };
		5568C7891A5B666400F8CB2B /* TableViewController.swift in Sources */ = {isa = PBXBuildFile; fileRef = 5568C7861A5B666400F8CB2B /* TableViewController.swift */; };
		5568C79A1A5B671600F8CB2B /* ColorView.swift in Sources */ = {isa = PBXBuildFile; fileRef = 5568C78D1A5B671600F8CB2B /* ColorView.swift */; };
		5568C79C1A5B671600F8CB2B /* ColorWheel.swift in Sources */ = {isa = PBXBuildFile; fileRef = 5568C78E1A5B671600F8CB2B /* ColorWheel.swift */; };
		5568C7A01A5B671600F8CB2B /* EAGLContext-GxCoreUI.m in Sources */ = {isa = PBXBuildFile; fileRef = 5568C7911A5B671600F8CB2B /* EAGLContext-GxCoreUI.m */; };
		5568C7A41A5B671600F8CB2B /* OpenGLView.swift in Sources */ = {isa = PBXBuildFile; fileRef = 5568C7931A5B671600F8CB2B /* OpenGLView.swift */; };
		5568C7A61A5B671600F8CB2B /* UIColor-GxCoreUI.swift in Sources */ = {isa = PBXBuildFile; fileRef = 5568C7941A5B671600F8CB2B /* UIColor-GxCoreUI.swift */; };
		5568C7DF1A5B727D00F8CB2B /* LaunchScreen.xib in Resources */ = {isa = PBXBuildFile; fileRef = 5568C76F1A5B64B700F8CB2B /* LaunchScreen.xib */; };
		557AE54F1D4520C4006C41EE /* utilities.swift in Sources */ = {isa = PBXBuildFile; fileRef = 557AE54E1D4520C4006C41EE /* utilities.swift */; };
		557AE5531D452D6D006C41EE /* License.txt in Resources */ = {isa = PBXBuildFile; fileRef = 557AE5521D452D6D006C41EE /* License.txt */; };
/* End PBXBuildFile section */

/* Begin PBXFileReference section */
		1D30AB110D05D00D00671497 /* Foundation.framework */ = {isa = PBXFileReference; lastKnownFileType = wrapper.framework; name = Foundation.framework; path = System/Library/Frameworks/Foundation.framework; sourceTree = SDKROOT; };
		1DF5F4DF0D08C38300B7A737 /* UIKit.framework */ = {isa = PBXFileReference; lastKnownFileType = wrapper.framework; name = UIKit.framework; path = System/Library/Frameworks/UIKit.framework; sourceTree = SDKROOT; };
		552B90E11A5B7D910065BC13 /* Base */ = {isa = PBXFileReference; lastKnownFileType = file.xib; name = Base; path = Base.lproj/Application.xib; sourceTree = "<group>"; };
		552B90E61A5B92340065BC13 /* CGRect-GxCore.swift */ = {isa = PBXFileReference; fileEncoding = 4; lastKnownFileType = sourcecode.swift; path = "CGRect-GxCore.swift"; sourceTree = "<group>"; };
		552B90E91A5BC1310065BC13 /* ColorPickerViewController.swift */ = {isa = PBXFileReference; fileEncoding = 4; lastKnownFileType = sourcecode.swift; path = ColorPickerViewController.swift; sourceTree = "<group>"; };
		552B90EA1A5BC1310065BC13 /* ColorPickerViewController.xib */ = {isa = PBXFileReference; fileEncoding = 4; lastKnownFileType = file.xib; path = ColorPickerViewController.xib; sourceTree = "<group>"; };
		5568C7621A5B64B700F8CB2B /* ColorWheel-iOS.app */ = {isa = PBXFileReference; explicitFileType = wrapper.application; includeInIndex = 0; path = "ColorWheel-iOS.app"; sourceTree = BUILT_PRODUCTS_DIR; };
		5568C7651A5B64B700F8CB2B /* Info.plist */ = {isa = PBXFileReference; lastKnownFileType = text.plist.xml; path = Info.plist; sourceTree = "<group>"; };
		5568C7661A5B64B700F8CB2B /* AppDelegate.swift */ = {isa = PBXFileReference; lastKnownFileType = sourcecode.swift; path = AppDelegate.swift; sourceTree = "<group>"; };
		5568C76D1A5B64B700F8CB2B /* Images.xcassets */ = {isa = PBXFileReference; lastKnownFileType = folder.assetcatalog; path = Images.xcassets; sourceTree = "<group>"; };
		5568C7701A5B64B700F8CB2B /* Base */ = {isa = PBXFileReference; lastKnownFileType = file.xib; name = Base; path = Base.lproj/LaunchScreen.xib; sourceTree = "<group>"; };
		5568C7861A5B666400F8CB2B /* TableViewController.swift */ = {isa = PBXFileReference; fileEncoding = 4; lastKnownFileType = sourcecode.swift; path = TableViewController.swift; sourceTree = "<group>"; };
		5568C78D1A5B671600F8CB2B /* ColorView.swift */ = {isa = PBXFileReference; fileEncoding = 4; lastKnownFileType = sourcecode.swift; path = ColorView.swift; sourceTree = "<group>"; };
		5568C78E1A5B671600F8CB2B /* ColorWheel.swift */ = {isa = PBXFileReference; fileEncoding = 4; lastKnownFileType = sourcecode.swift; path = ColorWheel.swift; sourceTree = "<group>"; };
		5568C7901A5B671600F8CB2B /* EAGLContext-GxCoreUI.h */ = {isa = PBXFileReference; fileEncoding = 4; lastKnownFileType = sourcecode.c.h; path = "EAGLContext-GxCoreUI.h"; sourceTree = "<group>"; };
		5568C7911A5B671600F8CB2B /* EAGLContext-GxCoreUI.m */ = {isa = PBXFileReference; fileEncoding = 4; lastKnownFileType = sourcecode.c.objc; path = "EAGLContext-GxCoreUI.m"; sourceTree = "<group>"; };
		5568C7931A5B671600F8CB2B /* OpenGLView.swift */ = {isa = PBXFileReference; fileEncoding = 4; lastKnownFileType = sourcecode.swift; path = OpenGLView.swift; sourceTree = "<group>"; };
		5568C7941A5B671600F8CB2B /* UIColor-GxCoreUI.swift */ = {isa = PBXFileReference; fileEncoding = 4; lastKnownFileType = sourcecode.swift; path = "UIColor-GxCoreUI.swift"; sourceTree = "<group>"; };
		5568C7A71A5B684B00F8CB2B /* Bridging-Header.h */ = {isa = PBXFileReference; fileEncoding = 4; lastKnownFileType = sourcecode.c.h; path = "Bridging-Header.h"; sourceTree = "<group>"; };
		557AE54E1D4520C4006C41EE /* utilities.swift */ = {isa = PBXFileReference; fileEncoding = 4; lastKnownFileType = sourcecode.swift; path = utilities.swift; sourceTree = "<group>"; };
		557AE5521D452D6D006C41EE /* License.txt */ = {isa = PBXFileReference; fileEncoding = 4; lastKnownFileType = text; path = License.txt; sourceTree = "<group>"; };
		5593DF1F1188F9D100FCEF91 /* OpenGLES.framework */ = {isa = PBXFileReference; lastKnownFileType = wrapper.framework; name = OpenGLES.framework; path = System/Library/Frameworks/OpenGLES.framework; sourceTree = SDKROOT; };
		5593DF251188F9DD00FCEF91 /* CoreGraphics.framework */ = {isa = PBXFileReference; lastKnownFileType = wrapper.framework; name = CoreGraphics.framework; path = System/Library/Frameworks/CoreGraphics.framework; sourceTree = SDKROOT; };
		5593DF2B1188F9ED00FCEF91 /* QuartzCore.framework */ = {isa = PBXFileReference; lastKnownFileType = wrapper.framework; name = QuartzCore.framework; path = System/Library/Frameworks/QuartzCore.framework; sourceTree = SDKROOT; };
		55C6B2E811989926008DACC0 /* ReadMe.rtf */ = {isa = PBXFileReference; lastKnownFileType = text.rtf; path = ReadMe.rtf; sourceTree = "<group>"; };
/* End PBXFileReference section */

/* Begin PBXFrameworksBuildPhase section */
		5568C75F1A5B64B700F8CB2B /* Frameworks */ = {
			isa = PBXFrameworksBuildPhase;
			buildActionMask = 2147483647;
			files = (
			);
			runOnlyForDeploymentPostprocessing = 0;
		};
/* End PBXFrameworksBuildPhase section */

/* Begin PBXGroup section */
		19C28FACFE9D520D11CA2CBB /* Products */ = {
			isa = PBXGroup;
			children = (
				5568C7621A5B64B700F8CB2B /* ColorWheel-iOS.app */,
			);
			name = Products;
			sourceTree = "<group>";
		};
		29B97314FDCFA39411CA2CEA /* CustomTemplate */ = {
			isa = PBXGroup;
			children = (
				55C6B2E811989926008DACC0 /* ReadMe.rtf */,
				557AE5521D452D6D006C41EE /* License.txt */,
				5568C78A1A5B671600F8CB2B /* Library */,
				5568C7631A5B64B700F8CB2B /* ColorWheel-iOS */,
				29B97323FDCFA39411CA2CEA /* Frameworks */,
				19C28FACFE9D520D11CA2CBB /* Products */,
			);
			name = CustomTemplate;
			sourceTree = "<group>";
		};
		29B97323FDCFA39411CA2CEA /* Frameworks */ = {
			isa = PBXGroup;
			children = (
				1DF5F4DF0D08C38300B7A737 /* UIKit.framework */,
				1D30AB110D05D00D00671497 /* Foundation.framework */,
				5593DF1F1188F9D100FCEF91 /* OpenGLES.framework */,
				5593DF251188F9DD00FCEF91 /* CoreGraphics.framework */,
				5593DF2B1188F9ED00FCEF91 /* QuartzCore.framework */,
			);
			name = Frameworks;
			sourceTree = "<group>";
		};
		552B90E31A5B8FAB0065BC13 /* Classes */ = {
			isa = PBXGroup;
			children = (
				552B90E91A5BC1310065BC13 /* ColorPickerViewController.swift */,
				552B90EA1A5BC1310065BC13 /* ColorPickerViewController.xib */,
				5568C78D1A5B671600F8CB2B /* ColorView.swift */,
				5568C78E1A5B671600F8CB2B /* ColorWheel.swift */,
				5568C7931A5B671600F8CB2B /* OpenGLView.swift */,
			);
			name = Classes;
			sourceTree = "<group>";
		};
		552B90E41A5B8FB00065BC13 /* Extensions */ = {
			isa = PBXGroup;
			children = (
				552B90E61A5B92340065BC13 /* CGRect-GxCore.swift */,
				5568C7901A5B671600F8CB2B /* EAGLContext-GxCoreUI.h */,
				5568C7911A5B671600F8CB2B /* EAGLContext-GxCoreUI.m */,
				5568C7941A5B671600F8CB2B /* UIColor-GxCoreUI.swift */,
			);
			name = Extensions;
			sourceTree = "<group>";
		};
		552B90E51A5B8FB50065BC13 /* Functions */ = {
			isa = PBXGroup;
			children = (
				557AE54E1D4520C4006C41EE /* utilities.swift */,
			);
			name = Functions;
			sourceTree = "<group>";
		};
		5568C7631A5B64B700F8CB2B /* ColorWheel-iOS */ = {
			isa = PBXGroup;
			children = (
				552B90E01A5B7D910065BC13 /* Application.xib */,
				5568C7661A5B64B700F8CB2B /* AppDelegate.swift */,
				5568C7A71A5B684B00F8CB2B /* Bridging-Header.h */,
				5568C7861A5B666400F8CB2B /* TableViewController.swift */,
				5568C76D1A5B64B700F8CB2B /* Images.xcassets */,
				5568C76F1A5B64B700F8CB2B /* LaunchScreen.xib */,
				5568C7641A5B64B700F8CB2B /* Supporting Files */,
			);
			path = "ColorWheel-iOS";
			sourceTree = "<group>";
		};
		5568C7641A5B64B700F8CB2B /* Supporting Files */ = {
			isa = PBXGroup;
			children = (
				5568C7651A5B64B700F8CB2B /* Info.plist */,
			);
			name = "Supporting Files";
			sourceTree = "<group>";
		};
		5568C78A1A5B671600F8CB2B /* Library */ = {
			isa = PBXGroup;
			children = (
				552B90E31A5B8FAB0065BC13 /* Classes */,
				552B90E41A5B8FB00065BC13 /* Extensions */,
				552B90E51A5B8FB50065BC13 /* Functions */,
			);
			path = Library;
			sourceTree = "<group>";
		};
/* End PBXGroup section */

/* Begin PBXNativeTarget section */
		5568C7611A5B64B700F8CB2B /* ColorWheel-iOS */ = {
			isa = PBXNativeTarget;
			buildConfigurationList = 5568C77E1A5B64B700F8CB2B /* Build configuration list for PBXNativeTarget "ColorWheel-iOS" */;
			buildPhases = (
				5568C75E1A5B64B700F8CB2B /* Sources */,
				5568C75F1A5B64B700F8CB2B /* Frameworks */,
				5568C7601A5B64B700F8CB2B /* Resources */,
			);
			buildRules = (
			);
			dependencies = (
			);
			name = "ColorWheel-iOS";
			productName = "ColorWheel-iOS";
			productReference = 5568C7621A5B64B700F8CB2B /* ColorWheel-iOS.app */;
			productType = "com.apple.product-type.application";
		};
/* End PBXNativeTarget section */

/* Begin PBXProject section */
		29B97313FDCFA39411CA2CEA /* Project object */ = {
			isa = PBXProject;
			attributes = {
				LastSwiftMigration = 0730;
				LastSwiftUpdateCheck = 0730;
				ORGANIZATIONNAME = "Lambda Software Corporation";
				TargetAttributes = {
					5568C7611A5B64B700F8CB2B = {
						CreatedOnToolsVersion = 6.1.1;
					};
				};
			};
			buildConfigurationList = C01FCF4E08A954540054247B /* Build configuration list for PBXProject "ColorWheel" */;
			compatibilityVersion = "Xcode 3.2";
			developmentRegion = English;
			hasScannedForEncodings = 1;
			knownRegions = (
				en,
				Base,
			);
			mainGroup = 29B97314FDCFA39411CA2CEA /* CustomTemplate */;
			projectDirPath = "";
			projectRoot = "";
			targets = (
				5568C7611A5B64B700F8CB2B /* ColorWheel-iOS */,
			);
		};
/* End PBXProject section */

/* Begin PBXResourcesBuildPhase section */
		5568C7601A5B64B700F8CB2B /* Resources */ = {
			isa = PBXResourcesBuildPhase;
			buildActionMask = 2147483647;
			files = (
				5568C7DF1A5B727D00F8CB2B /* LaunchScreen.xib in Resources */,
				557AE5531D452D6D006C41EE /* License.txt in Resources */,
				552B90E21A5B7D910065BC13 /* Application.xib in Resources */,
				552B90EC1A5BC1310065BC13 /* ColorPickerViewController.xib in Resources */,
				5568C76E1A5B64B700F8CB2B /* Images.xcassets in Resources */,
			);
			runOnlyForDeploymentPostprocessing = 0;
		};
/* End PBXResourcesBuildPhase section */

/* Begin PBXSourcesBuildPhase section */
		5568C75E1A5B64B700F8CB2B /* Sources */ = {
			isa = PBXSourcesBuildPhase;
			buildActionMask = 2147483647;
			files = (
				5568C79A1A5B671600F8CB2B /* ColorView.swift in Sources */,
				5568C7A61A5B671600F8CB2B /* UIColor-GxCoreUI.swift in Sources */,
				552B90EB1A5BC1310065BC13 /* ColorPickerViewController.swift in Sources */,
				5568C7A41A5B671600F8CB2B /* OpenGLView.swift in Sources */,
				552B90E71A5B92340065BC13 /* CGRect-GxCore.swift in Sources */,
				5568C7891A5B666400F8CB2B /* TableViewController.swift in Sources */,
				557AE54F1D4520C4006C41EE /* utilities.swift in Sources */,
				5568C79C1A5B671600F8CB2B /* ColorWheel.swift in Sources */,
				5568C7671A5B64B700F8CB2B /* AppDelegate.swift in Sources */,
				5568C7A01A5B671600F8CB2B /* EAGLContext-GxCoreUI.m in Sources */,
			);
			runOnlyForDeploymentPostprocessing = 0;
		};
/* End PBXSourcesBuildPhase section */

/* Begin PBXVariantGroup section */
		552B90E01A5B7D910065BC13 /* Application.xib */ = {
			isa = PBXVariantGroup;
			children = (
				552B90E11A5B7D910065BC13 /* Base */,
			);
			name = Application.xib;
			sourceTree = "<group>";
		};
		5568C76F1A5B64B700F8CB2B /* LaunchScreen.xib */ = {
			isa = PBXVariantGroup;
			children = (
				5568C7701A5B64B700F8CB2B /* Base */,
			);
			name = LaunchScreen.xib;
			sourceTree = "<group>";
		};
/* End PBXVariantGroup section */

/* Begin XCBuildConfiguration section */
		5568C77F1A5B64B700F8CB2B /* Debug */ = {
			isa = XCBuildConfiguration;
			buildSettings = {
				ALWAYS_SEARCH_USER_PATHS = NO;
				ASSETCATALOG_COMPILER_APPICON_NAME = AppIcon;
				CLANG_CXX_LANGUAGE_STANDARD = "gnu++0x";
				CLANG_CXX_LIBRARY = "libc++";
				CLANG_ENABLE_MODULES = YES;
				CLANG_WARN_BOOL_CONVERSION = YES;
				CLANG_WARN_CONSTANT_CONVERSION = YES;
				CLANG_WARN_DIRECT_OBJC_ISA_USAGE = YES_ERROR;
				CLANG_WARN_EMPTY_BODY = YES;
				CLANG_WARN_ENUM_CONVERSION = YES;
				CLANG_WARN_INT_CONVERSION = YES;
				CLANG_WARN_OBJC_ROOT_CLASS = YES_ERROR;
				CLANG_WARN_UNREACHABLE_CODE = YES;
				CLANG_WARN__DUPLICATE_METHOD_MATCH = YES;
				COPY_PHASE_STRIP = NO;
				ENABLE_STRICT_OBJC_MSGSEND = YES;
				GCC_DYNAMIC_NO_PIC = NO;
				GCC_OPTIMIZATION_LEVEL = 0;
				GCC_PREPROCESSOR_DEFINITIONS = (
					"DEBUG=1",
					"$(inherited)",
				);
				GCC_SYMBOLS_PRIVATE_EXTERN = NO;
				GCC_WARN_64_TO_32_BIT_CONVERSION = YES;
				GCC_WARN_ABOUT_RETURN_TYPE = YES_ERROR;
				GCC_WARN_UNDECLARED_SELECTOR = YES;
				GCC_WARN_UNINITIALIZED_AUTOS = YES_AGGRESSIVE;
				GCC_WARN_UNUSED_FUNCTION = YES;
				INFOPLIST_FILE = "ColorWheel-iOS/Info.plist";
				IPHONEOS_DEPLOYMENT_TARGET = 8.1;
				LD_RUNPATH_SEARCH_PATHS = "$(inherited) @executable_path/Frameworks";
				MTL_ENABLE_DEBUG_INFO = YES;
				ONLY_ACTIVE_ARCH = YES;
				PRODUCT_NAME = "$(TARGET_NAME)";
				SWIFT_OBJC_BRIDGING_HEADER = "$(PROJECT_DIR)/ColorWheel-iOS/Bridging-Header.h";
				SWIFT_OPTIMIZATION_LEVEL = "-Onone";
				TARGETED_DEVICE_FAMILY = "1,2";
			};
			name = Debug;
		};
		5568C7801A5B64B700F8CB2B /* Release */ = {
			isa = XCBuildConfiguration;
			buildSettings = {
				ALWAYS_SEARCH_USER_PATHS = NO;
				ASSETCATALOG_COMPILER_APPICON_NAME = AppIcon;
				CLANG_CXX_LANGUAGE_STANDARD = "gnu++0x";
				CLANG_CXX_LIBRARY = "libc++";
				CLANG_ENABLE_MODULES = YES;
				CLANG_WARN_BOOL_CONVERSION = YES;
				CLANG_WARN_CONSTANT_CONVERSION = YES;
				CLANG_WARN_DIRECT_OBJC_ISA_USAGE = YES_ERROR;
				CLANG_WARN_EMPTY_BODY = YES;
				CLANG_WARN_ENUM_CONVERSION = YES;
				CLANG_WARN_INT_CONVERSION = YES;
				CLANG_WARN_OBJC_ROOT_CLASS = YES_ERROR;
				CLANG_WARN_UNREACHABLE_CODE = YES;
				CLANG_WARN__DUPLICATE_METHOD_MATCH = YES;
				COPY_PHASE_STRIP = YES;
				ENABLE_NS_ASSERTIONS = NO;
				ENABLE_STRICT_OBJC_MSGSEND = YES;
				GCC_WARN_64_TO_32_BIT_CONVERSION = YES;
				GCC_WARN_ABOUT_RETURN_TYPE = YES_ERROR;
				GCC_WARN_UNDECLARED_SELECTOR = YES;
				GCC_WARN_UNINITIALIZED_AUTOS = YES_AGGRESSIVE;
				GCC_WARN_UNUSED_FUNCTION = YES;
				INFOPLIST_FILE = "ColorWheel-iOS/Info.plist";
				IPHONEOS_DEPLOYMENT_TARGET = 8.1;
				LD_RUNPATH_SEARCH_PATHS = "$(inherited) @executable_path/Frameworks";
				MTL_ENABLE_DEBUG_INFO = NO;
				PRODUCT_NAME = "$(TARGET_NAME)";
				SWIFT_OBJC_BRIDGING_HEADER = "$(PROJECT_DIR)/ColorWheel-iOS/Bridging-Header.h";
				TARGETED_DEVICE_FAMILY = "1,2";
				VALIDATE_PRODUCT = YES;
			};
			name = Release;
		};
		C01FCF4F08A954540054247B /* Debug */ = {
			isa = XCBuildConfiguration;
			buildSettings = {
				ARCHS = "$(ARCHS_STANDARD_32_BIT)";
				CLANG_ENABLE_OBJC_ARC = YES;
				"CODE_SIGN_IDENTITY[sdk=iphoneos*]" = "iPhone Developer";
				GCC_C_LANGUAGE_STANDARD = gnu99;
				GCC_WARN_ABOUT_RETURN_TYPE = YES;
				GCC_WARN_UNUSED_VARIABLE = YES;
				IPHONEOS_DEPLOYMENT_TARGET = 7.1;
				PREBINDING = NO;
				SDKROOT = iphoneos;
			};
			name = Debug;
		};
		C01FCF5008A954540054247B /* Release */ = {
			isa = XCBuildConfiguration;
			buildSettings = {
				ARCHS = "$(ARCHS_STANDARD_32_BIT)";
				CLANG_ENABLE_OBJC_ARC = YES;
				"CODE_SIGN_IDENTITY[sdk=iphoneos*]" = "iPhone Developer";
				GCC_C_LANGUAGE_STANDARD = gnu99;
				GCC_WARN_ABOUT_RETURN_TYPE = YES;
				GCC_WARN_UNUSED_VARIABLE = YES;
				IPHONEOS_DEPLOYMENT_TARGET = 7.1;
				OTHER_CFLAGS = "-DNS_BLOCK_ASSERTIONS=1";
				PREBINDING = NO;
				SDKROOT = iphoneos;
			};
			name = Release;
		};
/* End XCBuildConfiguration section */

/* Begin XCConfigurationList section */
		5568C77E1A5B64B700F8CB2B /* Build configuration list for PBXNativeTarget "ColorWheel-iOS" */ = {
			isa = XCConfigurationList;
			buildConfigurations = (
				5568C77F1A5B64B700F8CB2B /* Debug */,
				5568C7801A5B64B700F8CB2B /* Release */,
			);
			defaultConfigurationIsVisible = 0;
			defaultConfigurationName = Release;
		};
		C01FCF4E08A954540054247B /* Build configuration list for PBXProject "ColorWheel" */ = {
			isa = XCConfigurationList;
			buildConfigurations = (
				C01FCF4F08A954540054247B /* Debug */,
				C01FCF5008A954540054247B /* Release */,
			);
			defaultConfigurationIsVisible = 0;
			defaultConfigurationName = Release;
		};
/* End XCConfigurationList section */
	};
	rootObject = 29B97313FDCFA39411CA2CEA /* Project object */;
}
